
Microsoft Visual Studio Solution File, Format Version 12.00
# Visual Studio Version 17
VisualStudioVersion = 17.13.35931.197 d17.13
MinimumVisualStudioVersion = 10.0.40219.1
Project("{FAE04EC0-301F-11D3-BF4B-00C04F79EFBC}") = "RareDiseasesAPI", "RareDiseasesAPI.csproj", "{2753A6A5-ED8F-4236-9E38-947F729FF972}"
EndProject
Global
	GlobalSection(SolutionConfigurationPlatforms) = preSolution
		Debug|Any CPU = Debug|Any CPU
		Release|Any CPU = Release|Any CPU
	EndGlobalSection
	GlobalSection(ProjectConfigurationPlatforms) = postSolution
		{2753A6A5-ED8F-4236-9E38-947F729FF972}.Debug|Any CPU.ActiveCfg = Debug|Any CPU
		{2753A6A5-ED8F-4236-9E38-947F729FF972}.Debug|Any CPU.Build.0 = Debug|Any CPU
		{2753A6A5-ED8F-4236-9E38-947F729FF972}.Release|Any CPU.ActiveCfg = Release|Any CPU
		{2753A6A5-ED8F-4236-9E38-947F729FF972}.Release|Any CPU.Build.0 = Release|Any CPU
	EndGlobalSection
	GlobalSection(SolutionProperties) = preSolution
		HideSolutionNode = FALSE
	EndGlobalSection
	GlobalSection(ExtensibilityGlobals) = postSolution
		SolutionGuid = {78FA01C6-EB28-484E-B2C4-5BD731F6E2E4}
	EndGlobalSection
EndGlobal
